
Microsoft Visual Studio Solution File, Format Version 12.00
# Visual Studio 15
VisualStudioVersion = 15.0.28010.2046
MinimumVisualStudioVersion = 10.0.40219.1
Project("{FAE04EC0-301F-11D3-BF4B-00C04F79EFBC}") = "Sistema de Riego.Android", "Sistema de Riego\Sistema de Riego.Android\Sistema de Riego.Android.csproj", "{D3B847ED-4572-4BFF-833E-ED0260595616}"
EndProject
Project("{FAE04EC0-301F-11D3-BF4B-00C04F79EFBC}") = "Sistema de Riego.iOS", "Sistema de Riego\Sistema de Riego.iOS\Sistema de Riego.iOS.csproj", "{5B609356-3201-4137-B5F2-47DBD4D63BBB}"
EndProject
Project("{FAE04EC0-301F-11D3-BF4B-00C04F79EFBC}") = "Sistema de Riego.UWP", "Sistema de Riego\Sistema de Riego.UWP\Sistema de Riego.UWP.csproj", "{A958CB55-5A7F-41CA-90F6-7C2A6223AFA9}"
EndProject
Project("{FAE04EC0-301F-11D3-BF4B-00C04F79EFBC}") = "Sistema de Riego", "Sistema de Riego\Sistema de Riego\Sistema de Riego.csproj", "{9FA42DE7-1EAB-408B-BF3B-C799A0D29E39}"
EndProject
Global
	GlobalSection(SolutionConfigurationPlatforms) = preSolution
		Ad-Hoc|Any CPU = Ad-Hoc|Any CPU
		Ad-Hoc|ARM = Ad-Hoc|ARM
		Ad-Hoc|iPhone = Ad-Hoc|iPhone
		Ad-Hoc|iPhoneSimulator = Ad-Hoc|iPhoneSimulator
		Ad-Hoc|x64 = Ad-Hoc|x64
		Ad-Hoc|x86 = Ad-Hoc|x86
		AppStore|Any CPU = AppStore|Any CPU
		AppStore|ARM = AppStore|ARM
		AppStore|iPhone = AppStore|iPhone
		AppStore|iPhoneSimulator = AppStore|iPhoneSimulator
		AppStore|x64 = AppStore|x64
		AppStore|x86 = AppStore|x86
		Debug|Any CPU = Debug|Any CPU
		Debug|ARM = Debug|ARM
		Debug|iPhone = Debug|iPhone
		Debug|iPhoneSimulator = Debug|iPhoneSimulator
		Debug|x64 = Debug|x64
		Debug|x86 = Debug|x86
		Release|Any CPU = Release|Any CPU
		Release|ARM = Release|ARM
		Release|iPhone = Release|iPhone
		Release|iPhoneSimulator = Release|iPhoneSimulator
		Release|x64 = Release|x64
		Release|x86 = Release|x86
	EndGlobalSection
	GlobalSection(ProjectConfigurationPlatforms) = postSolution
		{D3B847ED-4572-4BFF-833E-ED0260595616}.Ad-Hoc|Any CPU.ActiveCfg = Release|Any CPU
		{D3B847ED-4572-4BFF-833E-ED0260595616}.Ad-Hoc|Any CPU.Build.0 = Release|Any CPU
		{D3B847ED-4572-4BFF-833E-ED0260595616}.Ad-Hoc|Any CPU.Deploy.0 = Release|Any CPU
		{D3B847ED-4572-4BFF-833E-ED0260595616}.Ad-Hoc|ARM.ActiveCfg = Release|Any CPU
		{D3B847ED-4572-4BFF-833E-ED0260595616}.Ad-Hoc|ARM.Build.0 = Release|Any CPU
		{D3B847ED-4572-4BFF-833E-ED0260595616}.Ad-Hoc|ARM.Deploy.0 = Release|Any CPU
		{D3B847ED-4572-4BFF-833E-ED0260595616}.Ad-Hoc|iPhone.ActiveCfg = Release|Any CPU
		{D3B847ED-4572-4BFF-833E-ED0260595616}.Ad-Hoc|iPhone.Build.0 = Release|Any CPU
		{D3B847ED-4572-4BFF-833E-ED0260595616}.Ad-Hoc|iPhone.Deploy.0 = Release|Any CPU
		{D3B847ED-4572-4BFF-833E-ED0260595616}.Ad-Hoc|iPhoneSimulator.ActiveCfg = Release|Any CPU
		{D3B847ED-4572-4BFF-833E-ED0260595616}.Ad-Hoc|iPhoneSimulator.Build.0 = Release|Any CPU
		{D3B847ED-4572-4BFF-833E-ED0260595616}.Ad-Hoc|iPhoneSimulator.Deploy.0 = Release|Any CPU
		{D3B847ED-4572-4BFF-833E-ED0260595616}.Ad-Hoc|x64.ActiveCfg = Release|Any CPU
		{D3B847ED-4572-4BFF-833E-ED0260595616}.Ad-Hoc|x64.Build.0 = Release|Any CPU
		{D3B847ED-4572-4BFF-833E-ED0260595616}.Ad-Hoc|x64.Deploy.0 = Release|Any CPU
		{D3B847ED-4572-4BFF-833E-ED0260595616}.Ad-Hoc|x86.ActiveCfg = Release|Any CPU
		{D3B847ED-4572-4BFF-833E-ED0260595616}.Ad-Hoc|x86.Build.0 = Release|Any CPU
		{D3B847ED-4572-4BFF-833E-ED0260595616}.Ad-Hoc|x86.Deploy.0 = Release|Any CPU
		{D3B847ED-4572-4BFF-833E-ED0260595616}.AppStore|Any CPU.ActiveCfg = Release|Any CPU
		{D3B847ED-4572-4BFF-833E-ED0260595616}.AppStore|Any CPU.Build.0 = Release|Any CPU
		{D3B847ED-4572-4BFF-833E-ED0260595616}.AppStore|Any CPU.Deploy.0 = Release|Any CPU
		{D3B847ED-4572-4BFF-833E-ED0260595616}.AppStore|ARM.ActiveCfg = Release|Any CPU
		{D3B847ED-4572-4BFF-833E-ED0260595616}.AppStore|ARM.Build.0 = Release|Any CPU
		{D3B847ED-4572-4BFF-833E-ED0260595616}.AppStore|ARM.Deploy.0 = Release|Any CPU
		{D3B847ED-4572-4BFF-833E-ED0260595616}.AppStore|iPhone.ActiveCfg = Release|Any CPU
		{D3B847ED-4572-4BFF-833E-ED0260595616}.AppStore|iPhone.Build.0 = Release|Any CPU
		{D3B847ED-4572-4BFF-833E-ED0260595616}.AppStore|iPhone.Deploy.0 = Release|Any CPU
		{D3B847ED-4572-4BFF-833E-ED0260595616}.AppStore|iPhoneSimulator.ActiveCfg = Release|Any CPU
		{D3B847ED-4572-4BFF-833E-ED0260595616}.AppStore|iPhoneSimulator.Build.0 = Release|Any CPU
		{D3B847ED-4572-4BFF-833E-ED0260595616}.AppStore|iPhoneSimulator.Deploy.0 = Release|Any CPU
		{D3B847ED-4572-4BFF-833E-ED0260595616}.AppStore|x64.ActiveCfg = Release|Any CPU
		{D3B847ED-4572-4BFF-833E-ED0260595616}.AppStore|x64.Build.0 = Release|Any CPU
		{D3B847ED-4572-4BFF-833E-ED0260595616}.AppStore|x64.Deploy.0 = Release|Any CPU
		{D3B847ED-4572-4BFF-833E-ED0260595616}.AppStore|x86.ActiveCfg = Release|Any CPU
		{D3B847ED-4572-4BFF-833E-ED0260595616}.AppStore|x86.Build.0 = Release|Any CPU
		{D3B847ED-4572-4BFF-833E-ED0260595616}.AppStore|x86.Deploy.0 = Release|Any CPU
		{D3B847ED-4572-4BFF-833E-ED0260595616}.Debug|Any CPU.ActiveCfg = Debug|Any CPU
		{D3B847ED-4572-4BFF-833E-ED0260595616}.Debug|Any CPU.Build.0 = Debug|Any CPU
		{D3B847ED-4572-4BFF-833E-ED0260595616}.Debug|Any CPU.Deploy.0 = Debug|Any CPU
		{D3B847ED-4572-4BFF-833E-ED0260595616}.Debug|ARM.ActiveCfg = Debug|Any CPU
		{D3B847ED-4572-4BFF-833E-ED0260595616}.Debug|ARM.Build.0 = Debug|Any CPU
		{D3B847ED-4572-4BFF-833E-ED0260595616}.Debug|ARM.Deploy.0 = Debug|Any CPU
		{D3B847ED-4572-4BFF-833E-ED0260595616}.Debug|iPhone.ActiveCfg = Debug|Any CPU
		{D3B847ED-4572-4BFF-833E-ED0260595616}.Debug|iPhone.Build.0 = Debug|Any CPU
		{D3B847ED-4572-4BFF-833E-ED0260595616}.Debug|iPhone.Deploy.0 = Debug|Any CPU
		{D3B847ED-4572-4BFF-833E-ED0260595616}.Debug|iPhoneSimulator.ActiveCfg = Debug|Any CPU
		{D3B847ED-4572-4BFF-833E-ED0260595616}.Debug|iPhoneSimulator.Build.0 = Debug|Any CPU
		{D3B847ED-4572-4BFF-833E-ED0260595616}.Debug|iPhoneSimulator.Deploy.0 = Debug|Any CPU
		{D3B847ED-4572-4BFF-833E-ED0260595616}.Debug|x64.ActiveCfg = Debug|Any CPU
		{D3B847ED-4572-4BFF-833E-ED0260595616}.Debug|x64.Build.0 = Debug|Any CPU
		{D3B847ED-4572-4BFF-833E-ED0260595616}.Debug|x64.Deploy.0 = Debug|Any CPU
		{D3B847ED-4572-4BFF-833E-ED0260595616}.Debug|x86.ActiveCfg = Debug|Any CPU
		{D3B847ED-4572-4BFF-833E-ED0260595616}.Debug|x86.Build.0 = Debug|Any CPU
		{D3B847ED-4572-4BFF-833E-ED0260595616}.Debug|x86.Deploy.0 = Debug|Any CPU
		{D3B847ED-4572-4BFF-833E-ED0260595616}.Release|Any CPU.ActiveCfg = Release|Any CPU
		{D3B847ED-4572-4BFF-833E-ED0260595616}.Release|Any CPU.Build.0 = Release|Any CPU
		{D3B847ED-4572-4BFF-833E-ED0260595616}.Release|Any CPU.Deploy.0 = Release|Any CPU
		{D3B847ED-4572-4BFF-833E-ED0260595616}.Release|ARM.ActiveCfg = Release|Any CPU
		{D3B847ED-4572-4BFF-833E-ED0260595616}.Release|ARM.Build.0 = Release|Any CPU
		{D3B847ED-4572-4BFF-833E-ED0260595616}.Release|ARM.Deploy.0 = Release|Any CPU
		{D3B847ED-4572-4BFF-833E-ED0260595616}.Release|iPhone.ActiveCfg = Release|Any CPU
		{D3B847ED-4572-4BFF-833E-ED0260595616}.Release|iPhone.Build.0 = Release|Any CPU
		{D3B847ED-4572-4BFF-833E-ED0260595616}.Release|iPhone.Deploy.0 = Release|Any CPU
		{D3B847ED-4572-4BFF-833E-ED0260595616}.Release|iPhoneSimulator.ActiveCfg = Release|Any CPU
		{D3B847ED-4572-4BFF-833E-ED0260595616}.Release|iPhoneSimulator.Build.0 = Release|Any CPU
		{D3B847ED-4572-4BFF-833E-ED0260595616}.Release|iPhoneSimulator.Deploy.0 = Release|Any CPU
		{D3B847ED-4572-4BFF-833E-ED0260595616}.Release|x64.ActiveCfg = Release|Any CPU
		{D3B847ED-4572-4BFF-833E-ED0260595616}.Release|x64.Build.0 = Release|Any CPU
		{D3B847ED-4572-4BFF-833E-ED0260595616}.Release|x64.Deploy.0 = Release|Any CPU
		{D3B847ED-4572-4BFF-833E-ED0260595616}.Release|x86.ActiveCfg = Release|Any CPU
		{D3B847ED-4572-4BFF-833E-ED0260595616}.Release|x86.Build.0 = Release|Any CPU
		{D3B847ED-4572-4BFF-833E-ED0260595616}.Release|x86.Deploy.0 = Release|Any CPU
		{5B609356-3201-4137-B5F2-47DBD4D63BBB}.Ad-Hoc|Any CPU.ActiveCfg = Ad-Hoc|iPhone
		{5B609356-3201-4137-B5F2-47DBD4D63BBB}.Ad-Hoc|Any CPU.Build.0 = Ad-Hoc|iPhone
		{5B609356-3201-4137-B5F2-47DBD4D63BBB}.Ad-Hoc|Any CPU.Deploy.0 = Ad-Hoc|iPhone
		{5B609356-3201-4137-B5F2-47DBD4D63BBB}.Ad-Hoc|ARM.ActiveCfg = Ad-Hoc|iPhone
		{5B609356-3201-4137-B5F2-47DBD4D63BBB}.Ad-Hoc|ARM.Build.0 = Ad-Hoc|iPhone
		{5B609356-3201-4137-B5F2-47DBD4D63BBB}.Ad-Hoc|ARM.Deploy.0 = Ad-Hoc|iPhone
		{5B609356-3201-4137-B5F2-47DBD4D63BBB}.Ad-Hoc|iPhone.ActiveCfg = Ad-Hoc|iPhone
		{5B609356-3201-4137-B5F2-47DBD4D63BBB}.Ad-Hoc|iPhone.Build.0 = Ad-Hoc|iPhone
		{5B609356-3201-4137-B5F2-47DBD4D63BBB}.Ad-Hoc|iPhone.Deploy.0 = Ad-Hoc|iPhone
		{5B609356-3201-4137-B5F2-47DBD4D63BBB}.Ad-Hoc|iPhoneSimulator.ActiveCfg = Ad-Hoc|iPhoneSimulator
		{5B609356-3201-4137-B5F2-47DBD4D63BBB}.Ad-Hoc|iPhoneSimulator.Build.0 = Ad-Hoc|iPhoneSimulator
		{5B609356-3201-4137-B5F2-47DBD4D63BBB}.Ad-Hoc|iPhoneSimulator.Deploy.0 = Ad-Hoc|iPhoneSimulator
		{5B609356-3201-4137-B5F2-47DBD4D63BBB}.Ad-Hoc|x64.ActiveCfg = Ad-Hoc|iPhone
		{5B609356-3201-4137-B5F2-47DBD4D63BBB}.Ad-Hoc|x64.Build.0 = Ad-Hoc|iPhone
		{5B609356-3201-4137-B5F2-47DBD4D63BBB}.Ad-Hoc|x64.Deploy.0 = Ad-Hoc|iPhone
		{5B609356-3201-4137-B5F2-47DBD4D63BBB}.Ad-Hoc|x86.ActiveCfg = Ad-Hoc|iPhone
		{5B609356-3201-4137-B5F2-47DBD4D63BBB}.Ad-Hoc|x86.Build.0 = Ad-Hoc|iPhone
		{5B609356-3201-4137-B5F2-47DBD4D63BBB}.Ad-Hoc|x86.Deploy.0 = Ad-Hoc|iPhone
		{5B609356-3201-4137-B5F2-47DBD4D63BBB}.AppStore|Any CPU.ActiveCfg = AppStore|iPhone
		{5B609356-3201-4137-B5F2-47DBD4D63BBB}.AppStore|Any CPU.Build.0 = AppStore|iPhone
		{5B609356-3201-4137-B5F2-47DBD4D63BBB}.AppStore|Any CPU.Deploy.0 = AppStore|iPhone
		{5B609356-3201-4137-B5F2-47DBD4D63BBB}.AppStore|ARM.ActiveCfg = AppStore|iPhone
		{5B609356-3201-4137-B5F2-47DBD4D63BBB}.AppStore|ARM.Build.0 = AppStore|iPhone
		{5B609356-3201-4137-B5F2-47DBD4D63BBB}.AppStore|ARM.Deploy.0 = AppStore|iPhone
		{5B609356-3201-4137-B5F2-47DBD4D63BBB}.AppStore|iPhone.ActiveCfg = AppStore|iPhone
		{5B609356-3201-4137-B5F2-47DBD4D63BBB}.AppStore|iPhone.Build.0 = AppStore|iPhone
		{5B609356-3201-4137-B5F2-47DBD4D63BBB}.AppStore|iPhone.Deploy.0 = AppStore|iPhone
		{5B609356-3201-4137-B5F2-47DBD4D63BBB}.AppStore|iPhoneSimulator.ActiveCfg = AppStore|iPhoneSimulator
		{5B609356-3201-4137-B5F2-47DBD4D63BBB}.AppStore|iPhoneSimulator.Build.0 = AppStore|iPhoneSimulator
		{5B609356-3201-4137-B5F2-47DBD4D63BBB}.AppStore|iPhoneSimulator.Deploy.0 = AppStore|iPhoneSimulator
		{5B609356-3201-4137-B5F2-47DBD4D63BBB}.AppStore|x64.ActiveCfg = AppStore|iPhone
		{5B609356-3201-4137-B5F2-47DBD4D63BBB}.AppStore|x64.Build.0 = AppStore|iPhone
		{5B609356-3201-4137-B5F2-47DBD4D63BBB}.AppStore|x64.Deploy.0 = AppStore|iPhone
		{5B609356-3201-4137-B5F2-47DBD4D63BBB}.AppStore|x86.ActiveCfg = AppStore|iPhone
		{5B609356-3201-4137-B5F2-47DBD4D63BBB}.AppStore|x86.Build.0 = AppStore|iPhone
		{5B609356-3201-4137-B5F2-47DBD4D63BBB}.AppStore|x86.Deploy.0 = AppStore|iPhone
		{5B609356-3201-4137-B5F2-47DBD4D63BBB}.Debug|Any CPU.ActiveCfg = Debug|iPhoneSimulator
		{5B609356-3201-4137-B5F2-47DBD4D63BBB}.Debug|Any CPU.Build.0 = Debug|iPhoneSimulator
		{5B609356-3201-4137-B5F2-47DBD4D63BBB}.Debug|Any CPU.Deploy.0 = Debug|iPhoneSimulator
		{5B609356-3201-4137-B5F2-47DBD4D63BBB}.Debug|ARM.ActiveCfg = Debug|iPhone
		{5B609356-3201-4137-B5F2-47DBD4D63BBB}.Debug|ARM.Build.0 = Debug|iPhone
		{5B609356-3201-4137-B5F2-47DBD4D63BBB}.Debug|ARM.Deploy.0 = Debug|iPhone
		{5B609356-3201-4137-B5F2-47DBD4D63BBB}.Debug|iPhone.ActiveCfg = Debug|iPhone
		{5B609356-3201-4137-B5F2-47DBD4D63BBB}.Debug|iPhone.Build.0 = Debug|iPhone
		{5B609356-3201-4137-B5F2-47DBD4D63BBB}.Debug|iPhone.Deploy.0 = Debug|iPhone
		{5B609356-3201-4137-B5F2-47DBD4D63BBB}.Debug|iPhoneSimulator.ActiveCfg = Debug|iPhoneSimulator
		{5B609356-3201-4137-B5F2-47DBD4D63BBB}.Debug|iPhoneSimulator.Build.0 = Debug|iPhoneSimulator
		{5B609356-3201-4137-B5F2-47DBD4D63BBB}.Debug|iPhoneSimulator.Deploy.0 = Debug|iPhoneSimulator
		{5B609356-3201-4137-B5F2-47DBD4D63BBB}.Debug|x64.ActiveCfg = Debug|iPhone
		{5B609356-3201-4137-B5F2-47DBD4D63BBB}.Debug|x64.Build.0 = Debug|iPhone
		{5B609356-3201-4137-B5F2-47DBD4D63BBB}.Debug|x64.Deploy.0 = Debug|iPhone
		{5B609356-3201-4137-B5F2-47DBD4D63BBB}.Debug|x86.ActiveCfg = Debug|iPhone
		{5B609356-3201-4137-B5F2-47DBD4D63BBB}.Debug|x86.Build.0 = Debug|iPhone
		{5B609356-3201-4137-B5F2-47DBD4D63BBB}.Debug|x86.Deploy.0 = Debug|iPhone
		{5B609356-3201-4137-B5F2-47DBD4D63BBB}.Release|Any CPU.ActiveCfg = Release|iPhone
		{5B609356-3201-4137-B5F2-47DBD4D63BBB}.Release|Any CPU.Build.0 = Release|iPhone
		{5B609356-3201-4137-B5F2-47DBD4D63BBB}.Release|Any CPU.Deploy.0 = Release|iPhone
		{5B609356-3201-4137-B5F2-47DBD4D63BBB}.Release|ARM.ActiveCfg = Release|iPhone
		{5B609356-3201-4137-B5F2-47DBD4D63BBB}.Release|ARM.Build.0 = Release|iPhone
		{5B609356-3201-4137-B5F2-47DBD4D63BBB}.Release|ARM.Deploy.0 = Release|iPhone
		{5B609356-3201-4137-B5F2-47DBD4D63BBB}.Release|iPhone.ActiveCfg = Release|iPhone
		{5B609356-3201-4137-B5F2-47DBD4D63BBB}.Release|iPhone.Build.0 = Release|iPhone
		{5B609356-3201-4137-B5F2-47DBD4D63BBB}.Release|iPhone.Deploy.0 = Release|iPhone
		{5B609356-3201-4137-B5F2-47DBD4D63BBB}.Release|iPhoneSimulator.ActiveCfg = Release|iPhoneSimulator
		{5B609356-3201-4137-B5F2-47DBD4D63BBB}.Release|iPhoneSimulator.Build.0 = Release|iPhoneSimulator
		{5B609356-3201-4137-B5F2-47DBD4D63BBB}.Release|iPhoneSimulator.Deploy.0 = Release|iPhoneSimulator
		{5B609356-3201-4137-B5F2-47DBD4D63BBB}.Release|x64.ActiveCfg = Release|iPhone
		{5B609356-3201-4137-B5F2-47DBD4D63BBB}.Release|x64.Build.0 = Release|iPhone
		{5B609356-3201-4137-B5F2-47DBD4D63BBB}.Release|x64.Deploy.0 = Release|iPhone
		{5B609356-3201-4137-B5F2-47DBD4D63BBB}.Release|x86.ActiveCfg = Release|iPhone
		{5B609356-3201-4137-B5F2-47DBD4D63BBB}.Release|x86.Build.0 = Release|iPhone
		{5B609356-3201-4137-B5F2-47DBD4D63BBB}.Release|x86.Deploy.0 = Release|iPhone
		{A958CB55-5A7F-41CA-90F6-7C2A6223AFA9}.Ad-Hoc|Any CPU.ActiveCfg = Release|x86
		{A958CB55-5A7F-41CA-90F6-7C2A6223AFA9}.Ad-Hoc|Any CPU.Build.0 = Release|x86
		{A958CB55-5A7F-41CA-90F6-7C2A6223AFA9}.Ad-Hoc|Any CPU.Deploy.0 = Release|x86
		{A958CB55-5A7F-41CA-90F6-7C2A6223AFA9}.Ad-Hoc|ARM.ActiveCfg = Release|ARM
		{A958CB55-5A7F-41CA-90F6-7C2A6223AFA9}.Ad-Hoc|ARM.Build.0 = Release|ARM
		{A958CB55-5A7F-41CA-90F6-7C2A6223AFA9}.Ad-Hoc|ARM.Deploy.0 = Release|ARM
		{A958CB55-5A7F-41CA-90F6-7C2A6223AFA9}.Ad-Hoc|iPhone.ActiveCfg = Release|x86
		{A958CB55-5A7F-41CA-90F6-7C2A6223AFA9}.Ad-Hoc|iPhone.Build.0 = Release|x86
		{A958CB55-5A7F-41CA-90F6-7C2A6223AFA9}.Ad-Hoc|iPhone.Deploy.0 = Release|x86
		{A958CB55-5A7F-41CA-90F6-7C2A6223AFA9}.Ad-Hoc|iPhoneSimulator.ActiveCfg = Release|x86
		{A958CB55-5A7F-41CA-90F6-7C2A6223AFA9}.Ad-Hoc|iPhoneSimulator.Build.0 = Release|x86
		{A958CB55-5A7F-41CA-90F6-7C2A6223AFA9}.Ad-Hoc|iPhoneSimulator.Deploy.0 = Release|x86
		{A958CB55-5A7F-41CA-90F6-7C2A6223AFA9}.Ad-Hoc|x64.ActiveCfg = Release|x64
		{A958CB55-5A7F-41CA-90F6-7C2A6223AFA9}.Ad-Hoc|x64.Build.0 = Release|x64
		{A958CB55-5A7F-41CA-90F6-7C2A6223AFA9}.Ad-Hoc|x64.Deploy.0 = Release|x64
		{A958CB55-5A7F-41CA-90F6-7C2A6223AFA9}.Ad-Hoc|x86.ActiveCfg = Release|x86
		{A958CB55-5A7F-41CA-90F6-7C2A6223AFA9}.Ad-Hoc|x86.Build.0 = Release|x86
		{A958CB55-5A7F-41CA-90F6-7C2A6223AFA9}.Ad-Hoc|x86.Deploy.0 = Release|x86
		{A958CB55-5A7F-41CA-90F6-7C2A6223AFA9}.AppStore|Any CPU.ActiveCfg = Release|x86
		{A958CB55-5A7F-41CA-90F6-7C2A6223AFA9}.AppStore|Any CPU.Build.0 = Release|x86
		{A958CB55-5A7F-41CA-90F6-7C2A6223AFA9}.AppStore|Any CPU.Deploy.0 = Release|x86
		{A958CB55-5A7F-41CA-90F6-7C2A6223AFA9}.AppStore|ARM.ActiveCfg = Release|ARM
		{A958CB55-5A7F-41CA-90F6-7C2A6223AFA9}.AppStore|ARM.Build.0 = Release|ARM
		{A958CB55-5A7F-41CA-90F6-7C2A6223AFA9}.AppStore|ARM.Deploy.0 = Release|ARM
		{A958CB55-5A7F-41CA-90F6-7C2A6223AFA9}.AppStore|iPhone.ActiveCfg = Release|x86
		{A958CB55-5A7F-41CA-90F6-7C2A6223AFA9}.AppStore|iPhone.Build.0 = Release|x86
		{A958CB55-5A7F-41CA-90F6-7C2A6223AFA9}.AppStore|iPhone.Deploy.0 = Release|x86
		{A958CB55-5A7F-41CA-90F6-7C2A6223AFA9}.AppStore|iPhoneSimulator.ActiveCfg = Release|x86
		{A958CB55-5A7F-41CA-90F6-7C2A6223AFA9}.AppStore|iPhoneSimulator.Build.0 = Release|x86
		{A958CB55-5A7F-41CA-90F6-7C2A6223AFA9}.AppStore|iPhoneSimulator.Deploy.0 = Release|x86
		{A958CB55-5A7F-41CA-90F6-7C2A6223AFA9}.AppStore|x64.ActiveCfg = Release|x64
		{A958CB55-5A7F-41CA-90F6-7C2A6223AFA9}.AppStore|x64.Build.0 = Release|x64
		{A958CB55-5A7F-41CA-90F6-7C2A6223AFA9}.AppStore|x64.Deploy.0 = Release|x64
		{A958CB55-5A7F-41CA-90F6-7C2A6223AFA9}.AppStore|x86.ActiveCfg = Release|x86
		{A958CB55-5A7F-41CA-90F6-7C2A6223AFA9}.AppStore|x86.Build.0 = Release|x86
		{A958CB55-5A7F-41CA-90F6-7C2A6223AFA9}.AppStore|x86.Deploy.0 = Release|x86
		{A958CB55-5A7F-41CA-90F6-7C2A6223AFA9}.Debug|Any CPU.ActiveCfg = Debug|x86
		{A958CB55-5A7F-41CA-90F6-7C2A6223AFA9}.Debug|Any CPU.Build.0 = Debug|x86
		{A958CB55-5A7F-41CA-90F6-7C2A6223AFA9}.Debug|Any CPU.Deploy.0 = Debug|x86
		{A958CB55-5A7F-41CA-90F6-7C2A6223AFA9}.Debug|ARM.ActiveCfg = Debug|ARM
		{A958CB55-5A7F-41CA-90F6-7C2A6223AFA9}.Debug|ARM.Build.0 = Debug|ARM
		{A958CB55-5A7F-41CA-90F6-7C2A6223AFA9}.Debug|ARM.Deploy.0 = Debug|ARM
		{A958CB55-5A7F-41CA-90F6-7C2A6223AFA9}.Debug|iPhone.ActiveCfg = Debug|x86
		{A958CB55-5A7F-41CA-90F6-7C2A6223AFA9}.Debug|iPhone.Build.0 = Debug|x86
		{A958CB55-5A7F-41CA-90F6-7C2A6223AFA9}.Debug|iPhone.Deploy.0 = Debug|x86
		{A958CB55-5A7F-41CA-90F6-7C2A6223AFA9}.Debug|iPhoneSimulator.ActiveCfg = Debug|x86
		{A958CB55-5A7F-41CA-90F6-7C2A6223AFA9}.Debug|iPhoneSimulator.Build.0 = Debug|x86
		{A958CB55-5A7F-41CA-90F6-7C2A6223AFA9}.Debug|iPhoneSimulator.Deploy.0 = Debug|x86
		{A958CB55-5A7F-41CA-90F6-7C2A6223AFA9}.Debug|x64.ActiveCfg = Debug|x64
		{A958CB55-5A7F-41CA-90F6-7C2A6223AFA9}.Debug|x64.Build.0 = Debug|x64
		{A958CB55-5A7F-41CA-90F6-7C2A6223AFA9}.Debug|x64.Deploy.0 = Debug|x64
		{A958CB55-5A7F-41CA-90F6-7C2A6223AFA9}.Debug|x86.ActiveCfg = Debug|x86
		{A958CB55-5A7F-41CA-90F6-7C2A6223AFA9}.Debug|x86.Build.0 = Debug|x86
		{A958CB55-5A7F-41CA-90F6-7C2A6223AFA9}.Debug|x86.Deploy.0 = Debug|x86
		{A958CB55-5A7F-41CA-90F6-7C2A6223AFA9}.Release|Any CPU.ActiveCfg = Release|x86
		{A958CB55-5A7F-41CA-90F6-7C2A6223AFA9}.Release|Any CPU.Build.0 = Release|x86
		{A958CB55-5A7F-41CA-90F6-7C2A6223AFA9}.Release|Any CPU.Deploy.0 = Release|x86
		{A958CB55-5A7F-41CA-90F6-7C2A6223AFA9}.Release|ARM.ActiveCfg = Release|ARM
		{A958CB55-5A7F-41CA-90F6-7C2A6223AFA9}.Release|ARM.Build.0 = Release|ARM
		{A958CB55-5A7F-41CA-90F6-7C2A6223AFA9}.Release|ARM.Deploy.0 = Release|ARM
		{A958CB55-5A7F-41CA-90F6-7C2A6223AFA9}.Release|iPhone.ActiveCfg = Release|x86
		{A958CB55-5A7F-41CA-90F6-7C2A6223AFA9}.Release|iPhone.Build.0 = Release|x86
		{A958CB55-5A7F-41CA-90F6-7C2A6223AFA9}.Release|iPhone.Deploy.0 = Release|x86
		{A958CB55-5A7F-41CA-90F6-7C2A6223AFA9}.Release|iPhoneSimulator.ActiveCfg = Release|x86
		{A958CB55-5A7F-41CA-90F6-7C2A6223AFA9}.Release|iPhoneSimulator.Build.0 = Release|x86
		{A958CB55-5A7F-41CA-90F6-7C2A6223AFA9}.Release|iPhoneSimulator.Deploy.0 = Release|x86
		{A958CB55-5A7F-41CA-90F6-7C2A6223AFA9}.Release|x64.ActiveCfg = Release|x64
		{A958CB55-5A7F-41CA-90F6-7C2A6223AFA9}.Release|x64.Build.0 = Release|x64
		{A958CB55-5A7F-41CA-90F6-7C2A6223AFA9}.Release|x64.Deploy.0 = Release|x64
		{A958CB55-5A7F-41CA-90F6-7C2A6223AFA9}.Release|x86.ActiveCfg = Release|x86
		{A958CB55-5A7F-41CA-90F6-7C2A6223AFA9}.Release|x86.Build.0 = Release|x86
		{A958CB55-5A7F-41CA-90F6-7C2A6223AFA9}.Release|x86.Deploy.0 = Release|x86
		{9FA42DE7-1EAB-408B-BF3B-C799A0D29E39}.Ad-Hoc|Any CPU.ActiveCfg = Debug|Any CPU
		{9FA42DE7-1EAB-408B-BF3B-C799A0D29E39}.Ad-Hoc|Any CPU.Build.0 = Debug|Any CPU
		{9FA42DE7-1EAB-408B-BF3B-C799A0D29E39}.Ad-Hoc|Any CPU.Deploy.0 = Debug|Any CPU
		{9FA42DE7-1EAB-408B-BF3B-C799A0D29E39}.Ad-Hoc|ARM.ActiveCfg = Debug|Any CPU
		{9FA42DE7-1EAB-408B-BF3B-C799A0D29E39}.Ad-Hoc|ARM.Build.0 = Debug|Any CPU
		{9FA42DE7-1EAB-408B-BF3B-C799A0D29E39}.Ad-Hoc|ARM.Deploy.0 = Debug|Any CPU
		{9FA42DE7-1EAB-408B-BF3B-C799A0D29E39}.Ad-Hoc|iPhone.ActiveCfg = Debug|Any CPU
		{9FA42DE7-1EAB-408B-BF3B-C799A0D29E39}.Ad-Hoc|iPhone.Build.0 = Debug|Any CPU
		{9FA42DE7-1EAB-408B-BF3B-C799A0D29E39}.Ad-Hoc|iPhone.Deploy.0 = Debug|Any CPU
		{9FA42DE7-1EAB-408B-BF3B-C799A0D29E39}.Ad-Hoc|iPhoneSimulator.ActiveCfg = Debug|Any CPU
		{9FA42DE7-1EAB-408B-BF3B-C799A0D29E39}.Ad-Hoc|iPhoneSimulator.Build.0 = Debug|Any CPU
		{9FA42DE7-1EAB-408B-BF3B-C799A0D29E39}.Ad-Hoc|iPhoneSimulator.Deploy.0 = Debug|Any CPU
		{9FA42DE7-1EAB-408B-BF3B-C799A0D29E39}.Ad-Hoc|x64.ActiveCfg = Debug|Any CPU
		{9FA42DE7-1EAB-408B-BF3B-C799A0D29E39}.Ad-Hoc|x64.Build.0 = Debug|Any CPU
		{9FA42DE7-1EAB-408B-BF3B-C799A0D29E39}.Ad-Hoc|x64.Deploy.0 = Debug|Any CPU
		{9FA42DE7-1EAB-408B-BF3B-C799A0D29E39}.Ad-Hoc|x86.ActiveCfg = Debug|Any CPU
		{9FA42DE7-1EAB-408B-BF3B-C799A0D29E39}.Ad-Hoc|x86.Build.0 = Debug|Any CPU
		{9FA42DE7-1EAB-408B-BF3B-C799A0D29E39}.Ad-Hoc|x86.Deploy.0 = Debug|Any CPU
		{9FA42DE7-1EAB-408B-BF3B-C799A0D29E39}.AppStore|Any CPU.ActiveCfg = Debug|Any CPU
		{9FA42DE7-1EAB-408B-BF3B-C799A0D29E39}.AppStore|Any CPU.Build.0 = Debug|Any CPU
		{9FA42DE7-1EAB-408B-BF3B-C799A0D29E39}.AppStore|Any CPU.Deploy.0 = Debug|Any CPU
		{9FA42DE7-1EAB-408B-BF3B-C799A0D29E39}.AppStore|ARM.ActiveCfg = Debug|Any CPU
		{9FA42DE7-1EAB-408B-BF3B-C799A0D29E39}.AppStore|ARM.Build.0 = Debug|Any CPU
		{9FA42DE7-1EAB-408B-BF3B-C799A0D29E39}.AppStore|ARM.Deploy.0 = Debug|Any CPU
		{9FA42DE7-1EAB-408B-BF3B-C799A0D29E39}.AppStore|iPhone.ActiveCfg = Debug|Any CPU
		{9FA42DE7-1EAB-408B-BF3B-C799A0D29E39}.AppStore|iPhone.Build.0 = Debug|Any CPU
		{9FA42DE7-1EAB-408B-BF3B-C799A0D29E39}.AppStore|iPhone.Deploy.0 = Debug|Any CPU
		{9FA42DE7-1EAB-408B-BF3B-C799A0D29E39}.AppStore|iPhoneSimulator.ActiveCfg = Debug|Any CPU
		{9FA42DE7-1EAB-408B-BF3B-C799A0D29E39}.AppStore|iPhoneSimulator.Build.0 = Debug|Any CPU
		{9FA42DE7-1EAB-408B-BF3B-C799A0D29E39}.AppStore|iPhoneSimulator.Deploy.0 = Debug|Any CPU
		{9FA42DE7-1EAB-408B-BF3B-C799A0D29E39}.AppStore|x64.ActiveCfg = Debug|Any CPU
		{9FA42DE7-1EAB-408B-BF3B-C799A0D29E39}.AppStore|x64.Build.0 = Debug|Any CPU
		{9FA42DE7-1EAB-408B-BF3B-C799A0D29E39}.AppStore|x64.Deploy.0 = Debug|Any CPU
		{9FA42DE7-1EAB-408B-BF3B-C799A0D29E39}.AppStore|x86.ActiveCfg = Debug|Any CPU
		{9FA42DE7-1EAB-408B-BF3B-C799A0D29E39}.AppStore|x86.Build.0 = Debug|Any CPU
		{9FA42DE7-1EAB-408B-BF3B-C799A0D29E39}.AppStore|x86.Deploy.0 = Debug|Any CPU
		{9FA42DE7-1EAB-408B-BF3B-C799A0D29E39}.Debug|Any CPU.ActiveCfg = Debug|Any CPU
		{9FA42DE7-1EAB-408B-BF3B-C799A0D29E39}.Debug|Any CPU.Build.0 = Debug|Any CPU
		{9FA42DE7-1EAB-408B-BF3B-C799A0D29E39}.Debug|Any CPU.Deploy.0 = Debug|Any CPU
		{9FA42DE7-1EAB-408B-BF3B-C799A0D29E39}.Debug|ARM.ActiveCfg = Debug|Any CPU
		{9FA42DE7-1EAB-408B-BF3B-C799A0D29E39}.Debug|ARM.Build.0 = Debug|Any CPU
		{9FA42DE7-1EAB-408B-BF3B-C799A0D29E39}.Debug|ARM.Deploy.0 = Debug|Any CPU
		{9FA42DE7-1EAB-408B-BF3B-C799A0D29E39}.Debug|iPhone.ActiveCfg = Debug|Any CPU
		{9FA42DE7-1EAB-408B-BF3B-C799A0D29E39}.Debug|iPhone.Build.0 = Debug|Any CPU
		{9FA42DE7-1EAB-408B-BF3B-C799A0D29E39}.Debug|iPhone.Deploy.0 = Debug|Any CPU
		{9FA42DE7-1EAB-408B-BF3B-C799A0D29E39}.Debug|iPhoneSimulator.ActiveCfg = Debug|Any CPU
		{9FA42DE7-1EAB-408B-BF3B-C799A0D29E39}.Debug|iPhoneSimulator.Build.0 = Debug|Any CPU
		{9FA42DE7-1EAB-408B-BF3B-C799A0D29E39}.Debug|iPhoneSimulator.Deploy.0 = Debug|Any CPU
		{9FA42DE7-1EAB-408B-BF3B-C799A0D29E39}.Debug|x64.ActiveCfg = Debug|Any CPU
		{9FA42DE7-1EAB-408B-BF3B-C799A0D29E39}.Debug|x64.Build.0 = Debug|Any CPU
		{9FA42DE7-1EAB-408B-BF3B-C799A0D29E39}.Debug|x64.Deploy.0 = Debug|Any CPU
		{9FA42DE7-1EAB-408B-BF3B-C799A0D29E39}.Debug|x86.ActiveCfg = Debug|Any CPU
		{9FA42DE7-1EAB-408B-BF3B-C799A0D29E39}.Debug|x86.Build.0 = Debug|Any CPU
		{9FA42DE7-1EAB-408B-BF3B-C799A0D29E39}.Debug|x86.Deploy.0 = Debug|Any CPU
		{9FA42DE7-1EAB-408B-BF3B-C799A0D29E39}.Release|Any CPU.ActiveCfg = Release|Any CPU
		{9FA42DE7-1EAB-408B-BF3B-C799A0D29E39}.Release|Any CPU.Build.0 = Release|Any CPU
		{9FA42DE7-1EAB-408B-BF3B-C799A0D29E39}.Release|Any CPU.Deploy.0 = Release|Any CPU
		{9FA42DE7-1EAB-408B-BF3B-C799A0D29E39}.Release|ARM.ActiveCfg = Release|Any CPU
		{9FA42DE7-1EAB-408B-BF3B-C799A0D29E39}.Release|ARM.Build.0 = Release|Any CPU
		{9FA42DE7-1EAB-408B-BF3B-C799A0D29E39}.Release|ARM.Deploy.0 = Release|Any CPU
		{9FA42DE7-1EAB-408B-BF3B-C799A0D29E39}.Release|iPhone.ActiveCfg = Release|Any CPU
		{9FA42DE7-1EAB-408B-BF3B-C799A0D29E39}.Release|iPhone.Build.0 = Release|Any CPU
		{9FA42DE7-1EAB-408B-BF3B-C799A0D29E39}.Release|iPhone.Deploy.0 = Release|Any CPU
		{9FA42DE7-1EAB-408B-BF3B-C799A0D29E39}.Release|iPhoneSimulator.ActiveCfg = Release|Any CPU
		{9FA42DE7-1EAB-408B-BF3B-C799A0D29E39}.Release|iPhoneSimulator.Build.0 = Release|Any CPU
		{9FA42DE7-1EAB-408B-BF3B-C799A0D29E39}.Release|iPhoneSimulator.Deploy.0 = Release|Any CPU
		{9FA42DE7-1EAB-408B-BF3B-C799A0D29E39}.Release|x64.ActiveCfg = Release|Any CPU
		{9FA42DE7-1EAB-408B-BF3B-C799A0D29E39}.Release|x64.Build.0 = Release|Any CPU
		{9FA42DE7-1EAB-408B-BF3B-C799A0D29E39}.Release|x64.Deploy.0 = Release|Any CPU
		{9FA42DE7-1EAB-408B-BF3B-C799A0D29E39}.Release|x86.ActiveCfg = Release|Any CPU
		{9FA42DE7-1EAB-408B-BF3B-C799A0D29E39}.Release|x86.Build.0 = Release|Any CPU
		{9FA42DE7-1EAB-408B-BF3B-C799A0D29E39}.Release|x86.Deploy.0 = Release|Any CPU
	EndGlobalSection
	GlobalSection(SolutionProperties) = preSolution
		HideSolutionNode = FALSE
	EndGlobalSection
	GlobalSection(ExtensibilityGlobals) = postSolution
		SolutionGuid = {D1F7171A-5A55-4D2F-BDFD-7ABB7A2F12DF}
	EndGlobalSection
EndGlobal
